PODS:
  - Alamofire (3.1.0)
  - RxBlocking (2.0.0-beta.1):
    - RxSwift (~> 2.0.0-beta)
  - RxCocoa (2.0.0-beta.1):
    - RxSwift (~> 2.0.0-beta)
  - RxSwift (2.0.0-beta.1)
  - StatefulViewController (1.0)
  - SwiftyJSON (2.3.0)

DEPENDENCIES:
  - Alamofire
  - RxBlocking (~> 2.0.0-alpha)
  - RxCocoa (~> 2.0.0-alpha)
  - RxSwift (~> 2.0.0-alpha)
  - StatefulViewController (~> 1.0)
  - SwiftyJSON

SPEC CHECKSUMS:
  Alamofire: 415bd7f56197722978759078486689f7ef913dce
  RxBlocking: db06b6f8ea08b35b8b5bcd325389f73af3e94716
  RxCocoa: a3c35a39c3b4e8175f271bd3a28be8ca52f97c93
  RxSwift: a9b0f4d876eac130cda0ae2f3fba627be3baf3ef
  StatefulViewController: 2a0e5ab30d9ade8e366253fb759baa9fbf458f3e
  SwiftyJSON: 8d6b61a70277ef2a5d710d372e06e7e2d87fb9e4

COCOAPODS: 0.38.2
